
Microsoft Visual Studio Solution File, Format Version 12.00
# Visual Studio Version 17
VisualStudioVersion = 17.8.34511.84
MinimumVisualStudioVersion = 10.0.40219.1
Project("{FAE04EC0-301F-11D3-BF4B-00C04F79EFBC}") = "crud_opr", "crud_opr\crud_opr.csproj", "{F844DF92-3DBE-4DEC-BBE3-211425C1A428}"
EndProject
Global
	GlobalSection(SolutionConfigurationPlatforms) = preSolution
		Debug|Any CPU = Debug|Any CPU
		Release|Any CPU = Release|Any CPU
	EndGlobalSection
	GlobalSection(ProjectConfigurationPlatforms) = postSolution
		{F844DF92-3DBE-4DEC-BBE3-211425C1A428}.Debug|Any CPU.ActiveCfg = Debug|Any CPU
		{F844DF92-3DBE-4DEC-BBE3-211425C1A428}.Debug|Any CPU.Build.0 = Debug|Any CPU
		{F844DF92-3DBE-4DEC-BBE3-211425C1A428}.Release|Any CPU.ActiveCfg = Release|Any CPU
		{F844DF92-3DBE-4DEC-BBE3-211425C1A428}.Release|Any CPU.Build.0 = Release|Any CPU
	EndGlobalSection
	GlobalSection(SolutionProperties) = preSolution
		HideSolutionNode = FALSE
	EndGlobalSection
	GlobalSection(ExtensibilityGlobals) = postSolution
		SolutionGuid = {F9C38232-FFC4-4CA4-B7B0-EBCAD4C1C84B}
	EndGlobalSection
EndGlobal
